# THIS IS AN AUTOGENERATED FILE. DO NOT EDIT THIS FILE DIRECTLY.
# yarn lockfile v1


"@esbuild/darwin-arm64@0.27.3":
  version "0.27.3"

"@genart-dev/components@^0.1.0":
  version "0.1.1"
  dependencies:
    "@genart-dev/format" "^0.2.0"

"@genart-dev/core@^0.3.0":
  version "0.3.1"
  dependencies:
    "@genart-dev/components" "^0.1.0"
    "@genart-dev/format" "^0.3.0"

"@genart-dev/format@^0.2.0":
  version "0.2.0"

"@genart-dev/format@^0.3.0":
  version "0.3.1"

"@genart-dev/projection@^0.1.0":
  version "0.1.0"
  resolved "https://registry.npmjs.org/@genart-dev/projection/-/projection-0.1.0.tgz"
  integrity sha512-EdFjH0nYQoJ+2WcQSsmbb6BQ1KAUh1rKAkQqsWbB7Nuc5QLGPwbF7XjqqQkWiATqUGUUE07trnl10hUOwrV1Gg==

"@jridgewell/gen-mapping@^0.3.2":
  version "0.3.13"
  dependencies:
    "@jridgewell/sourcemap-codec" "^1.5.0"
    "@jridgewell/trace-mapping" "^0.3.24"

"@jridgewell/resolve-uri@^3.1.0":
  version "3.1.2"

"@jridgewell/sourcemap-codec@^1.4.14", "@jridgewell/sourcemap-codec@^1.5.0", "@jridgewell/sourcemap-codec@^1.5.5":
  version "1.5.5"

"@jridgewell/trace-mapping@^0.3.24":
  version "0.3.31"
  dependencies:
    "@jridgewell/resolve-uri" "^3.1.0"
    "@jridgewell/sourcemap-codec" "^1.4.14"

"@rollup/rollup-darwin-arm64@4.59.0":
  version "4.59.0"

"@types/chai@^5.2.2":
  version "5.2.3"
  dependencies:
    "@types/deep-eql" "*"
    assertion-error "^2.0.1"

"@types/deep-eql@*":
  version "4.0.2"

"@types/estree@^1.0.0", "@types/estree@1.0.8":
  version "1.0.8"

"@vitest/expect@3.2.4":
  version "3.2.4"
  dependencies:
    "@types/chai" "^5.2.2"
    "@vitest/spy" "3.2.4"
    "@vitest/utils" "3.2.4"
    chai "^5.2.0"
    tinyrainbow "^2.0.0"

"@vitest/mocker@3.2.4":
  version "3.2.4"
  dependencies:
    "@vitest/spy" "3.2.4"
    estree-walker "^3.0.3"
    magic-string "^0.30.17"

"@vitest/pretty-format@^3.2.4", "@vitest/pretty-format@3.2.4":
  version "3.2.4"
  dependencies:
    tinyrainbow "^2.0.0"

"@vitest/runner@3.2.4":
  version "3.2.4"
  dependencies:
    "@vitest/utils" "3.2.4"
    pathe "^2.0.3"
    strip-literal "^3.0.0"

"@vitest/snapshot@3.2.4":
  version "3.2.4"
  dependencies:
    "@vitest/pretty-format" "3.2.4"
    magic-string "^0.30.17"
    pathe "^2.0.3"

"@vitest/spy@3.2.4":
  version "3.2.4"
  dependencies:
    tinyspy "^4.0.3"

"@vitest/utils@3.2.4":
  version "3.2.4"
  dependencies:
    "@vitest/pretty-format" "3.2.4"
    loupe "^3.1.4"
    tinyrainbow "^2.0.0"

acorn@^8.16.0:
  version "8.16.0"

any-promise@^1.0.0:
  version "1.3.0"

assertion-error@^2.0.1:
  version "2.0.1"

bundle-require@^5.1.0:
  version "5.1.0"
  dependencies:
    load-tsconfig "^0.2.3"

cac@^6.7.14:
  version "6.7.14"

chai@^5.2.0:
  version "5.3.3"
  dependencies:
    assertion-error "^2.0.1"
    check-error "^2.1.1"
    deep-eql "^5.0.1"
    loupe "^3.1.0"
    pathval "^2.0.0"

check-error@^2.1.1:
  version "2.1.3"

chokidar@^4.0.3:
  version "4.0.3"
  dependencies:
    readdirp "^4.0.1"

commander@^4.0.0:
  version "4.1.1"

confbox@^0.1.8:
  version "0.1.8"

consola@^3.4.0:
  version "3.4.2"

debug@^4.4.0, debug@^4.4.1:
  version "4.4.3"
  dependencies:
    ms "^2.1.3"

deep-eql@^5.0.1:
  version "5.0.2"

es-module-lexer@^1.7.0:
  version "1.7.0"

esbuild@^0.27.0, esbuild@>=0.18:
  version "0.27.3"
  optionalDependencies:
    "@esbuild/aix-ppc64" "0.27.3"
    "@esbuild/android-arm" "0.27.3"
    "@esbuild/android-arm64" "0.27.3"
    "@esbuild/android-x64" "0.27.3"
    "@esbuild/darwin-arm64" "0.27.3"
    "@esbuild/darwin-x64" "0.27.3"
    "@esbuild/freebsd-arm64" "0.27.3"
    "@esbuild/freebsd-x64" "0.27.3"
    "@esbuild/linux-arm" "0.27.3"
    "@esbuild/linux-arm64" "0.27.3"
    "@esbuild/linux-ia32" "0.27.3"
    "@esbuild/linux-loong64" "0.27.3"
    "@esbuild/linux-mips64el" "0.27.3"
    "@esbuild/linux-ppc64" "0.27.3"
    "@esbuild/linux-riscv64" "0.27.3"
    "@esbuild/linux-s390x" "0.27.3"
    "@esbuild/linux-x64" "0.27.3"
    "@esbuild/netbsd-arm64" "0.27.3"
    "@esbuild/netbsd-x64" "0.27.3"
    "@esbuild/openbsd-arm64" "0.27.3"
    "@esbuild/openbsd-x64" "0.27.3"
    "@esbuild/openharmony-arm64" "0.27.3"
    "@esbuild/sunos-x64" "0.27.3"
    "@esbuild/win32-arm64" "0.27.3"
    "@esbuild/win32-ia32" "0.27.3"
    "@esbuild/win32-x64" "0.27.3"

estree-walker@^3.0.3:
  version "3.0.3"
  dependencies:
    "@types/estree" "^1.0.0"

expect-type@^1.2.1:
  version "1.3.0"

fdir@^6.5.0:
  version "6.5.0"

fix-dts-default-cjs-exports@^1.0.0:
  version "1.0.1"
  dependencies:
    magic-string "^0.30.17"
    mlly "^1.7.4"
    rollup "^4.34.8"

fsevents@~2.3.2, fsevents@~2.3.3:
  version "2.3.3"

joycon@^3.1.1:
  version "3.1.1"

js-tokens@^9.0.1:
  version "9.0.1"

lilconfig@^3.1.1:
  version "3.1.3"

lines-and-columns@^1.1.6:
  version "1.2.4"

load-tsconfig@^0.2.3:
  version "0.2.5"

loupe@^3.1.0, loupe@^3.1.4:
  version "3.2.1"

magic-string@^0.30.17:
  version "0.30.21"
  dependencies:
    "@jridgewell/sourcemap-codec" "^1.5.5"

mlly@^1.7.4:
  version "1.8.1"
  dependencies:
    acorn "^8.16.0"
    pathe "^2.0.3"
    pkg-types "^1.3.1"
    ufo "^1.6.3"

ms@^2.1.3:
  version "2.1.3"

mz@^2.7.0:
  version "2.7.0"
  dependencies:
    any-promise "^1.0.0"
    object-assign "^4.0.1"
    thenify-all "^1.0.0"

nanoid@^3.3.11:
  version "3.3.11"

object-assign@^4.0.1:
  version "4.1.1"

pathe@^2.0.1, pathe@^2.0.3:
  version "2.0.3"

pathval@^2.0.0:
  version "2.0.1"

picocolors@^1.1.1:
  version "1.1.1"

"picomatch@^3 || ^4", picomatch@^4.0.2, picomatch@^4.0.3:
  version "4.0.3"

pirates@^4.0.1:
  version "4.0.7"

pkg-types@^1.3.1:
  version "1.3.1"
  dependencies:
    confbox "^0.1.8"
    mlly "^1.7.4"
    pathe "^2.0.1"

postcss-load-config@^6.0.1:
  version "6.0.1"
  dependencies:
    lilconfig "^3.1.1"

postcss@^8.4.12, postcss@^8.5.6, postcss@>=8.0.9:
  version "8.5.8"
  dependencies:
    nanoid "^3.3.11"
    picocolors "^1.1.1"
    source-map-js "^1.2.1"

readdirp@^4.0.1:
  version "4.1.2"

resolve-from@^5.0.0:
  version "5.0.0"

rollup@^4.34.8, rollup@^4.43.0:
  version "4.59.0"
  dependencies:
    "@types/estree" "1.0.8"
  optionalDependencies:
    "@rollup/rollup-android-arm-eabi" "4.59.0"
    "@rollup/rollup-android-arm64" "4.59.0"
    "@rollup/rollup-darwin-arm64" "4.59.0"
    "@rollup/rollup-darwin-x64" "4.59.0"
    "@rollup/rollup-freebsd-arm64" "4.59.0"
    "@rollup/rollup-freebsd-x64" "4.59.0"
    "@rollup/rollup-linux-arm-gnueabihf" "4.59.0"
    "@rollup/rollup-linux-arm-musleabihf" "4.59.0"
    "@rollup/rollup-linux-arm64-gnu" "4.59.0"
    "@rollup/rollup-linux-arm64-musl" "4.59.0"
    "@rollup/rollup-linux-loong64-gnu" "4.59.0"
    "@rollup/rollup-linux-loong64-musl" "4.59.0"
    "@rollup/rollup-linux-ppc64-gnu" "4.59.0"
    "@rollup/rollup-linux-ppc64-musl" "4.59.0"
    "@rollup/rollup-linux-riscv64-gnu" "4.59.0"
    "@rollup/rollup-linux-riscv64-musl" "4.59.0"
    "@rollup/rollup-linux-s390x-gnu" "4.59.0"
    "@rollup/rollup-linux-x64-gnu" "4.59.0"
    "@rollup/rollup-linux-x64-musl" "4.59.0"
    "@rollup/rollup-openbsd-x64" "4.59.0"
    "@rollup/rollup-openharmony-arm64" "4.59.0"
    "@rollup/rollup-win32-arm64-msvc" "4.59.0"
    "@rollup/rollup-win32-ia32-msvc" "4.59.0"
    "@rollup/rollup-win32-x64-gnu" "4.59.0"
    "@rollup/rollup-win32-x64-msvc" "4.59.0"
    fsevents "~2.3.2"

siginfo@^2.0.0:
  version "2.0.0"

source-map-js@^1.2.1:
  version "1.2.1"

source-map@^0.7.6:
  version "0.7.6"

stackback@0.0.2:
  version "0.0.2"

std-env@^3.9.0:
  version "3.10.0"

strip-literal@^3.0.0:
  version "3.1.0"
  dependencies:
    js-tokens "^9.0.1"

sucrase@^3.35.0:
  version "3.35.1"
  dependencies:
    "@jridgewell/gen-mapping" "^0.3.2"
    commander "^4.0.0"
    lines-and-columns "^1.1.6"
    mz "^2.7.0"
    pirates "^4.0.1"
    tinyglobby "^0.2.11"
    ts-interface-checker "^0.1.9"

thenify-all@^1.0.0:
  version "1.6.0"
  dependencies:
    thenify ">= 3.1.0 < 4"

"thenify@>= 3.1.0 < 4":
  version "3.3.1"
  dependencies:
    any-promise "^1.0.0"

tinybench@^2.9.0:
  version "2.9.0"

tinyexec@^0.3.2:
  version "0.3.2"

tinyglobby@^0.2.11, tinyglobby@^0.2.14, tinyglobby@^0.2.15:
  version "0.2.15"
  dependencies:
    fdir "^6.5.0"
    picomatch "^4.0.3"

tinypool@^1.1.1:
  version "1.1.1"

tinyrainbow@^2.0.0:
  version "2.0.0"

tinyspy@^4.0.3:
  version "4.0.4"

tree-kill@^1.2.2:
  version "1.2.2"

ts-interface-checker@^0.1.9:
  version "0.1.13"

tsup@^8.3.6:
  version "8.5.1"
  dependencies:
    bundle-require "^5.1.0"
    cac "^6.7.14"
    chokidar "^4.0.3"
    consola "^3.4.0"
    debug "^4.4.0"
    esbuild "^0.27.0"
    fix-dts-default-cjs-exports "^1.0.0"
    joycon "^3.1.1"
    picocolors "^1.1.1"
    postcss-load-config "^6.0.1"
    resolve-from "^5.0.0"
    rollup "^4.34.8"
    source-map "^0.7.6"
    sucrase "^3.35.0"
    tinyexec "^0.3.2"
    tinyglobby "^0.2.11"
    tree-kill "^1.2.2"

typescript@^5.7.3, typescript@>=4.5.0:
  version "5.9.3"

ufo@^1.6.3:
  version "1.6.3"

vite-node@3.2.4:
  version "3.2.4"
  dependencies:
    cac "^6.7.14"
    debug "^4.4.1"
    es-module-lexer "^1.7.0"
    pathe "^2.0.3"
    vite "^5.0.0 || ^6.0.0 || ^7.0.0-0"

"vite@^5.0.0 || ^6.0.0 || ^7.0.0-0":
  version "7.3.1"
  dependencies:
    esbuild "^0.27.0"
    fdir "^6.5.0"
    picomatch "^4.0.3"
    postcss "^8.5.6"
    rollup "^4.43.0"
    tinyglobby "^0.2.15"
  optionalDependencies:
    fsevents "~2.3.3"

vitest@^3.0.5:
  version "3.2.4"
  dependencies:
    "@types/chai" "^5.2.2"
    "@vitest/expect" "3.2.4"
    "@vitest/mocker" "3.2.4"
    "@vitest/pretty-format" "^3.2.4"
    "@vitest/runner" "3.2.4"
    "@vitest/snapshot" "3.2.4"
    "@vitest/spy" "3.2.4"
    "@vitest/utils" "3.2.4"
    chai "^5.2.0"
    debug "^4.4.1"
    expect-type "^1.2.1"
    magic-string "^0.30.17"
    pathe "^2.0.3"
    picomatch "^4.0.2"
    std-env "^3.9.0"
    tinybench "^2.9.0"
    tinyexec "^0.3.2"
    tinyglobby "^0.2.14"
    tinypool "^1.1.1"
    tinyrainbow "^2.0.0"
    vite "^5.0.0 || ^6.0.0 || ^7.0.0-0"
    vite-node "3.2.4"
    why-is-node-running "^2.3.0"

why-is-node-running@^2.3.0:
  version "2.3.0"
  dependencies:
    siginfo "^2.0.0"
    stackback "0.0.2"
